
Microsoft Visual Studio Solution File, Format Version 12.00
# Visual Studio Version 17
VisualStudioVersion = 17.14.35906.104
MinimumVisualStudioVersion = 10.0.40219.1
Project("{2150E333-8FDC-42A3-9474-1A3956D46DE8}") = "Author", "Author", "{02EA681E-C7D8-13C7-8484-4AC65E1B71E8}"
	ProjectSection(SolutionItems) = preProject
		Author\https___github.com_lornshrimp.png = Author\https___github.com_lornshrimp.png
		Author\https___item.jd.com_14795878.html.png = Author\https___item.jd.com_14795878.html.png
		Author\作者简历.md = Author\作者简历.md
		Author\微信二维码.jpg = Author\微信二维码.jpg
		Author\微信公众号二维码.png = Author\微信公众号二维码.png
	EndProjectSection
EndProject
Project("{2150E333-8FDC-42A3-9474-1A3956D46DE8}") = ".References", ".References", "{70752A66-84E1-4B03-A60A-3EFBCA926011}"
EndProject
Project("{2150E333-8FDC-42A3-9474-1A3956D46DE8}") = "docs_ProductDesign", "docs_ProductDesign", "{518E739E-0AF9-1B82-3F58-035671D6D7BE}"
	ProjectSection(SolutionItems) = preProject
		docs_ProductDesign\Readme.md = docs_ProductDesign\Readme.md
		docs_ProductDesign\互联网广告系统功能点设计.jpeg = docs_ProductDesign\互联网广告系统功能点设计.jpeg
		docs_ProductDesign\互联网视频广告系统架构设计.jpg = docs_ProductDesign\互联网视频广告系统架构设计.jpg
		docs_ProductDesign\广告业务流程.md = docs_ProductDesign\广告业务流程.md
		docs_ProductDesign\系统架构设计.md = docs_ProductDesign\系统架构设计.md
		docs_ProductDesign\项目背景.md = docs_ProductDesign\项目背景.md
	EndProjectSection
EndProject
Project("{2150E333-8FDC-42A3-9474-1A3956D46DE8}") = "CRM", "CRM", "{06F0BD7A-B10F-19F7-8F47-986916C73433}"
	ProjectSection(SolutionItems) = preProject
		docs_ProductDesign\CRM\Readme.md = docs_ProductDesign\CRM\Readme.md
		docs_ProductDesign\CRM\代运营账号权限方案设计.md = docs_ProductDesign\CRM\代运营账号权限方案设计.md
		docs_ProductDesign\CRM\流程设计.md = docs_ProductDesign\CRM\流程设计.md
		docs_ProductDesign\CRM\用例设计.md = docs_ProductDesign\CRM\用例设计.md
	EndProjectSection
EndProject
Project("{2150E333-8FDC-42A3-9474-1A3956D46DE8}") = "广告活动管理", "广告活动管理", "{915A6FCF-3EBC-6832-3289-36033DF35ACA}"
	ProjectSection(SolutionItems) = preProject
		docs_ProductDesign\广告活动管理\Readme.md = docs_ProductDesign\广告活动管理\Readme.md
		docs_ProductDesign\广告活动管理\广告投放业务序列设计.md = docs_ProductDesign\广告活动管理\广告投放业务序列设计.md
		docs_ProductDesign\广告活动管理\广告投放业务流程.md = docs_ProductDesign\广告活动管理\广告投放业务流程.md
	EndProjectSection
EndProject
Project("{2150E333-8FDC-42A3-9474-1A3956D46DE8}") = "广告客户端SDK", "广告客户端SDK", "{2B24C7F8-7727-1D62-38FC-09AD9971B22D}"
	ProjectSection(SolutionItems) = preProject
		docs_ProductDesign\广告客户端SDK\Readme.md = docs_ProductDesign\广告客户端SDK\Readme.md
		docs_ProductDesign\广告客户端SDK\广告客户端1.0.md = docs_ProductDesign\广告客户端SDK\广告客户端1.0.md
		docs_ProductDesign\广告客户端SDK\广告客户端执行流程.md = docs_ProductDesign\广告客户端SDK\广告客户端执行流程.md
	EndProjectSection
EndProject
Project("{2150E333-8FDC-42A3-9474-1A3956D46DE8}") = "广告投放引擎", "广告投放引擎", "{726C5113-583D-2DCB-C5DD-AB0B35EC52EB}"
	ProjectSection(SolutionItems) = preProject
		docs_ProductDesign\广告投放引擎\Readme.md = docs_ProductDesign\广告投放引擎\Readme.md
		docs_ProductDesign\广告投放引擎\SSP身份接入第三方ADX.md = docs_ProductDesign\广告投放引擎\SSP身份接入第三方ADX.md
		docs_ProductDesign\广告投放引擎\产品需求说明.md = docs_ProductDesign\广告投放引擎\产品需求说明.md
		docs_ProductDesign\广告投放引擎\安全设计.md = docs_ProductDesign\广告投放引擎\安全设计.md
		docs_ProductDesign\广告投放引擎\广告投放竞品分析.md = docs_ProductDesign\广告投放引擎\广告投放竞品分析.md
		docs_ProductDesign\广告投放引擎\性能设计.md = docs_ProductDesign\广告投放引擎\性能设计.md
		docs_ProductDesign\广告投放引擎\接口规范设计.md = docs_ProductDesign\广告投放引擎\接口规范设计.md
		docs_ProductDesign\广告投放引擎\数据模型设计.md = docs_ProductDesign\广告投放引擎\数据模型设计.md
		docs_ProductDesign\广告投放引擎\时序交互设计.md = docs_ProductDesign\广告投放引擎\时序交互设计.md
		docs_ProductDesign\广告投放引擎\系统配置设计.md = docs_ProductDesign\广告投放引擎\系统配置设计.md
		docs_ProductDesign\广告投放引擎\运行流程设计.md = docs_ProductDesign\广告投放引擎\运行流程设计.md
	EndProjectSection
EndProject
Project("{2150E333-8FDC-42A3-9474-1A3956D46DE8}") = "广告召回逻辑", "广告召回逻辑", "{A94F6866-797E-103B-6DCA-9B0112855297}"
	ProjectSection(SolutionItems) = preProject
		docs_ProductDesign\广告投放引擎\广告召回逻辑\人口属性定向.md = docs_ProductDesign\广告投放引擎\广告召回逻辑\人口属性定向.md
		docs_ProductDesign\广告投放引擎\广告召回逻辑\地理位置定向.md = docs_ProductDesign\广告投放引擎\广告召回逻辑\地理位置定向.md
		docs_ProductDesign\广告投放引擎\广告召回逻辑\时间定向.md = docs_ProductDesign\广告投放引擎\广告召回逻辑\时间定向.md
		docs_ProductDesign\广告投放引擎\广告召回逻辑\设备定向.md = docs_ProductDesign\广告投放引擎\广告召回逻辑\设备定向.md
	EndProjectSection
EndProject
Project("{2150E333-8FDC-42A3-9474-1A3956D46DE8}") = "以SSP身份接入第三方ADX", "以SSP身份接入第三方ADX", "{B563DD47-08E4-AEA9-7E2A-27BFBDFC0341}"
	ProjectSection(SolutionItems) = preProject
		docs_ProductDesign\广告投放引擎\以SSP身份接入第三方ADX\接入腾讯优量汇.md = docs_ProductDesign\广告投放引擎\以SSP身份接入第三方ADX\接入腾讯优量汇.md
	EndProjectSection
EndProject
Project("{2150E333-8FDC-42A3-9474-1A3956D46DE8}") = "广告资源管理", "广告资源管理", "{1CB00326-697E-0832-73C3-6D4AA345AE14}"
	ProjectSection(SolutionItems) = preProject
		docs_ProductDesign\广告资源管理\Readme.md = docs_ProductDesign\广告资源管理\Readme.md
		docs_ProductDesign\广告资源管理\广告位埋设规范.md = docs_ProductDesign\广告资源管理\广告位埋设规范.md
		docs_ProductDesign\广告资源管理\广告位展示规范.md = docs_ProductDesign\广告资源管理\广告位展示规范.md
		docs_ProductDesign\广告资源管理\广告位接入与监控埋点流程设计.md = docs_ProductDesign\广告资源管理\广告位接入与监控埋点流程设计.md
		docs_ProductDesign\广告资源管理\广告监测上报规范.md = docs_ProductDesign\广告资源管理\广告监测上报规范.md
		docs_ProductDesign\广告资源管理\广告资源管理序列设计.md = docs_ProductDesign\广告资源管理\广告资源管理序列设计.md
		docs_ProductDesign\广告资源管理\数据结构设计.md = docs_ProductDesign\广告资源管理\数据结构设计.md
	EndProjectSection
EndProject
Project("{2150E333-8FDC-42A3-9474-1A3956D46DE8}") = "docs_ProjectManage", "docs_ProjectManage", "{E9CF29E0-EB03-41D9-BAF9-ED753ED7EFBD}"
	ProjectSection(SolutionItems) = preProject
		docs_ProjectManage\Definition_of_Done.md = docs_ProjectManage\Definition_of_Done.md
		docs_ProjectManage\README.md = docs_ProjectManage\README.md
		docs_ProjectManage\Sprint计划模板.md = docs_ProjectManage\Sprint计划模板.md
		docs_ProjectManage\产品需求清单.md = docs_ProjectManage\产品需求清单.md
		docs_ProjectManage\开发路线图.md = docs_ProjectManage\开发路线图.md
		docs_ProjectManage\技术架构演进计划.md = docs_ProjectManage\技术架构演进计划.md
		docs_ProjectManage\风险管理计划.md = docs_ProjectManage\风险管理计划.md
	EndProjectSection
EndProject
Project("{2150E333-8FDC-42A3-9474-1A3956D46DE8}") = "docs_TecDesign", "docs_TecDesign", "{A6AE2BB0-378D-1E31-3FE0-7DAF5035C67B}"
	ProjectSection(SolutionItems) = preProject
		docs_TecDesign\OpenRTB协议实现.md = docs_TecDesign\OpenRTB协议实现.md
		docs_TecDesign\README.md = docs_TecDesign\README.md
		docs_TecDesign\数据架构设计.md = docs_TecDesign\数据架构设计.md
		docs_TecDesign\数据访问层技术设计.md = docs_TecDesign\数据访问层技术设计.md
		docs_TecDesign\系统整体技术架构.md = docs_TecDesign\系统整体技术架构.md
	EndProjectSection
EndProject
Project("{2150E333-8FDC-42A3-9474-1A3956D46DE8}") = "解决方案项", "解决方案项", "{FCE85972-C601-3E31-0F23-6F886044FA5A}"
	ProjectSection(SolutionItems) = preProject
		.gitignore = .gitignore
		LICENSE = LICENSE
		README.md = README.md
	EndProjectSection
EndProject
Project("{2150E333-8FDC-42A3-9474-1A3956D46DE8}") = "广告投放引擎", "广告投放引擎", "{51C38338-AD81-580C-A122-63C6D29CEE03}"
	ProjectSection(SolutionItems) = preProject
		docs_TecDesign\广告投放引擎\API设计规范.md = docs_TecDesign\广告投放引擎\API设计规范.md
		docs_TecDesign\广告投放引擎\安全架构设计.md = docs_TecDesign\广告投放引擎\安全架构设计.md
		docs_TecDesign\广告投放引擎\定向实体关系详解.md = docs_TecDesign\广告投放引擎\定向实体关系详解.md
		docs_TecDesign\广告投放引擎\定向策略架构改进方案.md = docs_TecDesign\广告投放引擎\定向策略架构改进方案.md
		docs_TecDesign\广告投放引擎\广告引擎抽象层设计.md = docs_TecDesign\广告投放引擎\广告引擎抽象层设计.md
		docs_TecDesign\广告投放引擎\广告投放引擎技术数据结构设计.md = docs_TecDesign\广告投放引擎\广告投放引擎技术数据结构设计.md
		docs_TecDesign\广告投放引擎\广告投放引擎技术设计.md = docs_TecDesign\广告投放引擎\广告投放引擎技术设计.md
		docs_TecDesign\广告投放引擎\性能优化设计.md = docs_TecDesign\广告投放引擎\性能优化设计.md
		docs_TecDesign\广告投放引擎\数据一致性设计.md = docs_TecDesign\广告投放引擎\数据一致性设计.md
		docs_TecDesign\广告投放引擎\数据外部协议对象设计.md = docs_TecDesign\广告投放引擎\数据外部协议对象设计.md
		docs_TecDesign\广告投放引擎\数据安全与合规设计.md = docs_TecDesign\广告投放引擎\数据安全与合规设计.md
		docs_TecDesign\广告投放引擎\数据性能优化设计.md = docs_TecDesign\广告投放引擎\数据性能优化设计.md
		docs_TecDesign\广告投放引擎\数据模型关系修正说明.md = docs_TecDesign\广告投放引擎\数据模型关系修正说明.md
		docs_TecDesign\广告投放引擎\数据模型分层设计.md = docs_TecDesign\广告投放引擎\数据模型分层设计.md
		docs_TecDesign\广告投放引擎\数据结构VisualStudio项目架构映射.md = docs_TecDesign\广告投放引擎\数据结构VisualStudio项目架构映射.md
		docs_TecDesign\广告投放引擎\数据访问层技术设计.md = docs_TecDesign\广告投放引擎\数据访问层技术设计.md
		docs_TecDesign\广告投放引擎\消息队列设计.md = docs_TecDesign\广告投放引擎\消息队列设计.md
		docs_TecDesign\广告投放引擎\监控与告警设计.md = docs_TecDesign\广告投放引擎\监控与告警设计.md
		docs_TecDesign\广告投放引擎\缓存架构设计.md = docs_TecDesign\广告投放引擎\缓存架构设计.md
		docs_TecDesign\广告投放引擎\负载均衡与高可用设计.md = docs_TecDesign\广告投放引擎\负载均衡与高可用设计.md
		docs_TecDesign\广告投放引擎\部署架构设计.md = docs_TecDesign\广告投放引擎\部署架构设计.md
		docs_TecDesign\广告投放引擎\错误处理与恢复设计.md = docs_TecDesign\广告投放引擎\错误处理与恢复设计.md
	EndProjectSection
EndProject
Project("{2150E333-8FDC-42A3-9474-1A3956D46DE8}") = "Services", "Services", "{5854FF58-B8C5-05C6-5BF2-ACE42193F22B}"
EndProject
Project("{2150E333-8FDC-42A3-9474-1A3956D46DE8}") = "Core", "Core", "{FBF56CC3-7AE6-AD2D-3F14-7F97FD322CD6}"
EndProject
Project("{FAE04EC0-301F-11D3-BF4B-00C04F79EFBC}") = "Lorn.ADSP.Core.Domain", "Core\Lorn.ADSP.Core.Domain\Lorn.ADSP.Core.Domain.csproj", "{7D83B8C0-FF3B-468D-A8C9-8B45BE528477}"
EndProject
Project("{FAE04EC0-301F-11D3-BF4B-00C04F79EFBC}") = "Lorn.ADSP.Core.Shared", "Core\Lorn.ADSP.Core.Shared\Lorn.ADSP.Core.Shared.csproj", "{979AC845-2512-443E-93F5-16904A27B658}"
EndProject
Project("{FAE04EC0-301F-11D3-BF4B-00C04F79EFBC}") = "Lorn.ADSP.Core.AdEngine.Abstractions", "Core\Lorn.ADSP.Core.AdEngine.Abstractions\Lorn.ADSP.Core.AdEngine.Abstractions.csproj", "{99A0FF9F-377A-477B-8F8B-55AD00AF0D0E}"
EndProject
Project("{2150E333-8FDC-42A3-9474-1A3956D46DE8}") = "Infrastructure", "Infrastructure", "{DFEE68D8-A7D0-1A41-506C-9B74AA9A7B7B}"
EndProject
Project("{FAE04EC0-301F-11D3-BF4B-00C04F79EFBC}") = "Lorn.ADSP.Infrastructure.Monitoring", "Infrastructure\Lorn.ADSP.Infrastructure.Monitoring\Lorn.ADSP.Infrastructure.Monitoring.csproj", "{263749E5-C1C8-40B2-8CB0-DB8B925AB54B}"
EndProject
Project("{FAE04EC0-301F-11D3-BF4B-00C04F79EFBC}") = "Lorn.ADSP.Core.Domain.Targeting", "Core\Lorn.ADSP.Core.Domain.Targeting\Lorn.ADSP.Core.Domain.Targeting.csproj", "{40BC87D0-8F5A-4C0C-9CA2-75B2C049E3C6}"
EndProject
Project("{FAE04EC0-301F-11D3-BF4B-00C04F79EFBC}") = "Lorn.ADSP.AdEngine", "Services\Lorn.ADSP.AdEngine\Lorn.ADSP.AdEngine.csproj", "{E0037820-A949-43A1-9E1D-D34C95AD0F8F}"
EndProject
Project("{2150E333-8FDC-42A3-9474-1A3956D46DE8}") = "系统配置化和依赖注入设计", "系统配置化和依赖注入设计", "{02F2C6EE-6E4B-C7A0-5511-574AA81C99EB}"
	ProjectSection(SolutionItems) = preProject
		docs_TecDesign\系统配置化和依赖注入设计\README.md = docs_TecDesign\系统配置化和依赖注入设计\README.md
		docs_TecDesign\系统配置化和依赖注入设计\多组件共享配置选项解决方案.md = docs_TecDesign\系统配置化和依赖注入设计\多组件共享配置选项解决方案.md
		docs_TecDesign\系统配置化和依赖注入设计\实施计划.md = docs_TecDesign\系统配置化和依赖注入设计\实施计划.md
		docs_TecDesign\系统配置化和依赖注入设计\快速开始指南.md = docs_TecDesign\系统配置化和依赖注入设计\快速开始指南.md
		docs_TecDesign\系统配置化和依赖注入设计\统一配置化和依赖注入架构设计.md = docs_TecDesign\系统配置化和依赖注入设计\统一配置化和依赖注入架构设计.md
	EndProjectSection
EndProject
Project("{FAE04EC0-301F-11D3-BF4B-00C04F79EFBC}") = "Lorn.ADSP.Infrastructure.Configuration", "Infrastructure\Lorn.ADSP.Infrastructure.Configuration\Lorn.ADSP.Infrastructure.Configuration.csproj", "{47062E93-0A36-403C-A858-D4A3845900A0}"
EndProject
Project("{FAE04EC0-301F-11D3-BF4B-00C04F79EFBC}") = "Lorn.ADSP.Infrastructure.DependencyInjection", "Infrastructure\Lorn.ADSP.Infrastructure.DependencyInjection\Lorn.ADSP.Infrastructure.DependencyInjection.csproj", "{AE354482-867A-4DAC-9E41-99D93CB3EB22}"
EndProject
Project("{FAE04EC0-301F-11D3-BF4B-00C04F79EFBC}") = "Lorn.ADSP.Infrastructure.Composition", "Infrastructure\Lorn.ADSP.Infrastructure.Composition\Lorn.ADSP.Infrastructure.Composition.csproj", "{1881F526-6DE7-4F26-AE85-46E1016C68B6}"
EndProject
Project("{FAE04EC0-301F-11D3-BF4B-00C04F79EFBC}") = "Lorn.ADSP.Infrastructure.Common", "Infrastructure\Lorn.ADSP.Infrastructure.Common\Lorn.ADSP.Infrastructure.Common.csproj", "{A8FE299E-285A-4E98-8D18-754CF155D19A}"
EndProject
Project("{FAE04EC0-301F-11D3-BF4B-00C04F79EFBC}") = "Lorn.ADSP.Infrastructure.DataAccess.Repository", "Infrastructure\Lorn.ADSP.Infrastructure.DataAccess.Repository\Lorn.ADSP.Infrastructure.DataAccess.Repository.csproj", "{F08BAC17-F368-415E-8B82-50DB3F96BEF5}"
EndProject
Project("{FAE04EC0-301F-11D3-BF4B-00C04F79EFBC}") = "Lorn.ADSP.Infrastructure.DataAccess.Composition", "Infrastructure\Lorn.ADSP.Infrastructure.DataAccess.Composition\Lorn.ADSP.Infrastructure.DataAccess.Composition.csproj", "{0CA8EFB1-DE58-4DFD-ABD2-0FE2F0070582}"
EndProject
Project("{FAE04EC0-301F-11D3-BF4B-00C04F79EFBC}") = "Lorn.ADSP.Infrastructure.DataAccess.Core", "Infrastructure\Lorn.ADSP.Infrastructure.DataAccess.Core\Lorn.ADSP.Infrastructure.DataAccess.Core.csproj", "{69EC9D94-60F6-6512-EFCF-C526D6875714}"
EndProject
Project("{FAE04EC0-301F-11D3-BF4B-00C04F79EFBC}") = "Lorn.ADSP.Infrastructure.DataAccess.Abstractions", "Infrastructure\Lorn.ADSP.Infrastructure.DataAccess.Abstractions\Lorn.ADSP.Infrastructure.DataAccess.Abstractions.csproj", "{EB1F1805-3F8E-7A83-A25C-17CC2B810435}"
EndProject
Project("{2150E333-8FDC-42A3-9474-1A3956D46DE8}") = "Tests", "Tests", "{0AB3BF05-4346-4AA6-1389-037BE0695223}"
EndProject
Project("{FAE04EC0-301F-11D3-BF4B-00C04F79EFBC}") = "Lorn.ADSP.Infrastructure.Common.Tests", "Tests\Lorn.ADSP.Infrastructure.Common.Tests\Lorn.ADSP.Infrastructure.Common.Tests.csproj", "{BA74CF54-4C3B-304F-EA57-645AA457588C}"
EndProject
Global
	GlobalSection(SolutionConfigurationPlatforms) = preSolution
		Debug|Any CPU = Debug|Any CPU
		Debug|x64 = Debug|x64
		Debug|x86 = Debug|x86
		Release|Any CPU = Release|Any CPU
		Release|x64 = Release|x64
		Release|x86 = Release|x86
	EndGlobalSection
	GlobalSection(ProjectConfigurationPlatforms) = postSolution
		{7D83B8C0-FF3B-468D-A8C9-8B45BE528477}.Debug|Any CPU.ActiveCfg = Debug|Any CPU
		{7D83B8C0-FF3B-468D-A8C9-8B45BE528477}.Debug|Any CPU.Build.0 = Debug|Any CPU
		{7D83B8C0-FF3B-468D-A8C9-8B45BE528477}.Debug|x64.ActiveCfg = Debug|Any CPU
		{7D83B8C0-FF3B-468D-A8C9-8B45BE528477}.Debug|x64.Build.0 = Debug|Any CPU
		{7D83B8C0-FF3B-468D-A8C9-8B45BE528477}.Debug|x86.ActiveCfg = Debug|Any CPU
		{7D83B8C0-FF3B-468D-A8C9-8B45BE528477}.Debug|x86.Build.0 = Debug|Any CPU
		{7D83B8C0-FF3B-468D-A8C9-8B45BE528477}.Release|Any CPU.ActiveCfg = Release|Any CPU
		{7D83B8C0-FF3B-468D-A8C9-8B45BE528477}.Release|Any CPU.Build.0 = Release|Any CPU
		{7D83B8C0-FF3B-468D-A8C9-8B45BE528477}.Release|x64.ActiveCfg = Release|Any CPU
		{7D83B8C0-FF3B-468D-A8C9-8B45BE528477}.Release|x64.Build.0 = Release|Any CPU
		{7D83B8C0-FF3B-468D-A8C9-8B45BE528477}.Release|x86.ActiveCfg = Release|Any CPU
		{7D83B8C0-FF3B-468D-A8C9-8B45BE528477}.Release|x86.Build.0 = Release|Any CPU
		{979AC845-2512-443E-93F5-16904A27B658}.Debug|Any CPU.ActiveCfg = Debug|Any CPU
		{979AC845-2512-443E-93F5-16904A27B658}.Debug|Any CPU.Build.0 = Debug|Any CPU
		{979AC845-2512-443E-93F5-16904A27B658}.Debug|x64.ActiveCfg = Debug|Any CPU
		{979AC845-2512-443E-93F5-16904A27B658}.Debug|x64.Build.0 = Debug|Any CPU
		{979AC845-2512-443E-93F5-16904A27B658}.Debug|x86.ActiveCfg = Debug|Any CPU
		{979AC845-2512-443E-93F5-16904A27B658}.Debug|x86.Build.0 = Debug|Any CPU
		{979AC845-2512-443E-93F5-16904A27B658}.Release|Any CPU.ActiveCfg = Release|Any CPU
		{979AC845-2512-443E-93F5-16904A27B658}.Release|Any CPU.Build.0 = Release|Any CPU
		{979AC845-2512-443E-93F5-16904A27B658}.Release|x64.ActiveCfg = Release|Any CPU
		{979AC845-2512-443E-93F5-16904A27B658}.Release|x64.Build.0 = Release|Any CPU
		{979AC845-2512-443E-93F5-16904A27B658}.Release|x86.ActiveCfg = Release|Any CPU
		{979AC845-2512-443E-93F5-16904A27B658}.Release|x86.Build.0 = Release|Any CPU
		{99A0FF9F-377A-477B-8F8B-55AD00AF0D0E}.Debug|Any CPU.ActiveCfg = Debug|Any CPU
		{99A0FF9F-377A-477B-8F8B-55AD00AF0D0E}.Debug|Any CPU.Build.0 = Debug|Any CPU
		{99A0FF9F-377A-477B-8F8B-55AD00AF0D0E}.Debug|x64.ActiveCfg = Debug|Any CPU
		{99A0FF9F-377A-477B-8F8B-55AD00AF0D0E}.Debug|x64.Build.0 = Debug|Any CPU
		{99A0FF9F-377A-477B-8F8B-55AD00AF0D0E}.Debug|x86.ActiveCfg = Debug|Any CPU
		{99A0FF9F-377A-477B-8F8B-55AD00AF0D0E}.Debug|x86.Build.0 = Debug|Any CPU
		{99A0FF9F-377A-477B-8F8B-55AD00AF0D0E}.Release|Any CPU.ActiveCfg = Release|Any CPU
		{99A0FF9F-377A-477B-8F8B-55AD00AF0D0E}.Release|Any CPU.Build.0 = Release|Any CPU
		{99A0FF9F-377A-477B-8F8B-55AD00AF0D0E}.Release|x64.ActiveCfg = Release|Any CPU
		{99A0FF9F-377A-477B-8F8B-55AD00AF0D0E}.Release|x64.Build.0 = Release|Any CPU
		{99A0FF9F-377A-477B-8F8B-55AD00AF0D0E}.Release|x86.ActiveCfg = Release|Any CPU
		{99A0FF9F-377A-477B-8F8B-55AD00AF0D0E}.Release|x86.Build.0 = Release|Any CPU
		{263749E5-C1C8-40B2-8CB0-DB8B925AB54B}.Debug|Any CPU.ActiveCfg = Debug|Any CPU
		{263749E5-C1C8-40B2-8CB0-DB8B925AB54B}.Debug|Any CPU.Build.0 = Debug|Any CPU
		{263749E5-C1C8-40B2-8CB0-DB8B925AB54B}.Debug|x64.ActiveCfg = Debug|Any CPU
		{263749E5-C1C8-40B2-8CB0-DB8B925AB54B}.Debug|x64.Build.0 = Debug|Any CPU
		{263749E5-C1C8-40B2-8CB0-DB8B925AB54B}.Debug|x86.ActiveCfg = Debug|Any CPU
		{263749E5-C1C8-40B2-8CB0-DB8B925AB54B}.Debug|x86.Build.0 = Debug|Any CPU
		{263749E5-C1C8-40B2-8CB0-DB8B925AB54B}.Release|Any CPU.ActiveCfg = Release|Any CPU
		{263749E5-C1C8-40B2-8CB0-DB8B925AB54B}.Release|Any CPU.Build.0 = Release|Any CPU
		{263749E5-C1C8-40B2-8CB0-DB8B925AB54B}.Release|x64.ActiveCfg = Release|Any CPU
		{263749E5-C1C8-40B2-8CB0-DB8B925AB54B}.Release|x64.Build.0 = Release|Any CPU
		{263749E5-C1C8-40B2-8CB0-DB8B925AB54B}.Release|x86.ActiveCfg = Release|Any CPU
		{263749E5-C1C8-40B2-8CB0-DB8B925AB54B}.Release|x86.Build.0 = Release|Any CPU
		{40BC87D0-8F5A-4C0C-9CA2-75B2C049E3C6}.Debug|Any CPU.ActiveCfg = Debug|Any CPU
		{40BC87D0-8F5A-4C0C-9CA2-75B2C049E3C6}.Debug|Any CPU.Build.0 = Debug|Any CPU
		{40BC87D0-8F5A-4C0C-9CA2-75B2C049E3C6}.Debug|x64.ActiveCfg = Debug|Any CPU
		{40BC87D0-8F5A-4C0C-9CA2-75B2C049E3C6}.Debug|x64.Build.0 = Debug|Any CPU
		{40BC87D0-8F5A-4C0C-9CA2-75B2C049E3C6}.Debug|x86.ActiveCfg = Debug|Any CPU
		{40BC87D0-8F5A-4C0C-9CA2-75B2C049E3C6}.Debug|x86.Build.0 = Debug|Any CPU
		{40BC87D0-8F5A-4C0C-9CA2-75B2C049E3C6}.Release|Any CPU.ActiveCfg = Release|Any CPU
		{40BC87D0-8F5A-4C0C-9CA2-75B2C049E3C6}.Release|Any CPU.Build.0 = Release|Any CPU
		{40BC87D0-8F5A-4C0C-9CA2-75B2C049E3C6}.Release|x64.ActiveCfg = Release|Any CPU
		{40BC87D0-8F5A-4C0C-9CA2-75B2C049E3C6}.Release|x64.Build.0 = Release|Any CPU
		{40BC87D0-8F5A-4C0C-9CA2-75B2C049E3C6}.Release|x86.ActiveCfg = Release|Any CPU
		{40BC87D0-8F5A-4C0C-9CA2-75B2C049E3C6}.Release|x86.Build.0 = Release|Any CPU
		{E0037820-A949-43A1-9E1D-D34C95AD0F8F}.Debug|Any CPU.ActiveCfg = Debug|Any CPU
		{E0037820-A949-43A1-9E1D-D34C95AD0F8F}.Debug|Any CPU.Build.0 = Debug|Any CPU
		{E0037820-A949-43A1-9E1D-D34C95AD0F8F}.Debug|x64.ActiveCfg = Debug|Any CPU
		{E0037820-A949-43A1-9E1D-D34C95AD0F8F}.Debug|x64.Build.0 = Debug|Any CPU
		{E0037820-A949-43A1-9E1D-D34C95AD0F8F}.Debug|x86.ActiveCfg = Debug|Any CPU
		{E0037820-A949-43A1-9E1D-D34C95AD0F8F}.Debug|x86.Build.0 = Debug|Any CPU
		{E0037820-A949-43A1-9E1D-D34C95AD0F8F}.Release|Any CPU.ActiveCfg = Release|Any CPU
		{E0037820-A949-43A1-9E1D-D34C95AD0F8F}.Release|Any CPU.Build.0 = Release|Any CPU
		{E0037820-A949-43A1-9E1D-D34C95AD0F8F}.Release|x64.ActiveCfg = Release|Any CPU
		{E0037820-A949-43A1-9E1D-D34C95AD0F8F}.Release|x64.Build.0 = Release|Any CPU
		{E0037820-A949-43A1-9E1D-D34C95AD0F8F}.Release|x86.ActiveCfg = Release|Any CPU
		{E0037820-A949-43A1-9E1D-D34C95AD0F8F}.Release|x86.Build.0 = Release|Any CPU
		{47062E93-0A36-403C-A858-D4A3845900A0}.Debug|Any CPU.ActiveCfg = Debug|Any CPU
		{47062E93-0A36-403C-A858-D4A3845900A0}.Debug|Any CPU.Build.0 = Debug|Any CPU
		{47062E93-0A36-403C-A858-D4A3845900A0}.Debug|x64.ActiveCfg = Debug|Any CPU
		{47062E93-0A36-403C-A858-D4A3845900A0}.Debug|x64.Build.0 = Debug|Any CPU
		{47062E93-0A36-403C-A858-D4A3845900A0}.Debug|x86.ActiveCfg = Debug|Any CPU
		{47062E93-0A36-403C-A858-D4A3845900A0}.Debug|x86.Build.0 = Debug|Any CPU
		{47062E93-0A36-403C-A858-D4A3845900A0}.Release|Any CPU.ActiveCfg = Release|Any CPU
		{47062E93-0A36-403C-A858-D4A3845900A0}.Release|Any CPU.Build.0 = Release|Any CPU
		{47062E93-0A36-403C-A858-D4A3845900A0}.Release|x64.ActiveCfg = Release|Any CPU
		{47062E93-0A36-403C-A858-D4A3845900A0}.Release|x64.Build.0 = Release|Any CPU
		{47062E93-0A36-403C-A858-D4A3845900A0}.Release|x86.ActiveCfg = Release|Any CPU
		{47062E93-0A36-403C-A858-D4A3845900A0}.Release|x86.Build.0 = Release|Any CPU
		{AE354482-867A-4DAC-9E41-99D93CB3EB22}.Debug|Any CPU.ActiveCfg = Debug|Any CPU
		{AE354482-867A-4DAC-9E41-99D93CB3EB22}.Debug|Any CPU.Build.0 = Debug|Any CPU
		{AE354482-867A-4DAC-9E41-99D93CB3EB22}.Debug|x64.ActiveCfg = Debug|Any CPU
		{AE354482-867A-4DAC-9E41-99D93CB3EB22}.Debug|x64.Build.0 = Debug|Any CPU
		{AE354482-867A-4DAC-9E41-99D93CB3EB22}.Debug|x86.ActiveCfg = Debug|Any CPU
		{AE354482-867A-4DAC-9E41-99D93CB3EB22}.Debug|x86.Build.0 = Debug|Any CPU
		{AE354482-867A-4DAC-9E41-99D93CB3EB22}.Release|Any CPU.ActiveCfg = Release|Any CPU
		{AE354482-867A-4DAC-9E41-99D93CB3EB22}.Release|Any CPU.Build.0 = Release|Any CPU
		{AE354482-867A-4DAC-9E41-99D93CB3EB22}.Release|x64.ActiveCfg = Release|Any CPU
		{AE354482-867A-4DAC-9E41-99D93CB3EB22}.Release|x64.Build.0 = Release|Any CPU
		{AE354482-867A-4DAC-9E41-99D93CB3EB22}.Release|x86.ActiveCfg = Release|Any CPU
		{AE354482-867A-4DAC-9E41-99D93CB3EB22}.Release|x86.Build.0 = Release|Any CPU
		{1881F526-6DE7-4F26-AE85-46E1016C68B6}.Debug|Any CPU.ActiveCfg = Debug|Any CPU
		{1881F526-6DE7-4F26-AE85-46E1016C68B6}.Debug|Any CPU.Build.0 = Debug|Any CPU
		{1881F526-6DE7-4F26-AE85-46E1016C68B6}.Debug|x64.ActiveCfg = Debug|Any CPU
		{1881F526-6DE7-4F26-AE85-46E1016C68B6}.Debug|x64.Build.0 = Debug|Any CPU
		{1881F526-6DE7-4F26-AE85-46E1016C68B6}.Debug|x86.ActiveCfg = Debug|Any CPU
		{1881F526-6DE7-4F26-AE85-46E1016C68B6}.Debug|x86.Build.0 = Debug|Any CPU
		{1881F526-6DE7-4F26-AE85-46E1016C68B6}.Release|Any CPU.ActiveCfg = Release|Any CPU
		{1881F526-6DE7-4F26-AE85-46E1016C68B6}.Release|Any CPU.Build.0 = Release|Any CPU
		{1881F526-6DE7-4F26-AE85-46E1016C68B6}.Release|x64.ActiveCfg = Release|Any CPU
		{1881F526-6DE7-4F26-AE85-46E1016C68B6}.Release|x64.Build.0 = Release|Any CPU
		{1881F526-6DE7-4F26-AE85-46E1016C68B6}.Release|x86.ActiveCfg = Release|Any CPU
		{1881F526-6DE7-4F26-AE85-46E1016C68B6}.Release|x86.Build.0 = Release|Any CPU
		{A8FE299E-285A-4E98-8D18-754CF155D19A}.Debug|Any CPU.ActiveCfg = Debug|Any CPU
		{A8FE299E-285A-4E98-8D18-754CF155D19A}.Debug|Any CPU.Build.0 = Debug|Any CPU
		{A8FE299E-285A-4E98-8D18-754CF155D19A}.Debug|x64.ActiveCfg = Debug|Any CPU
		{A8FE299E-285A-4E98-8D18-754CF155D19A}.Debug|x64.Build.0 = Debug|Any CPU
		{A8FE299E-285A-4E98-8D18-754CF155D19A}.Debug|x86.ActiveCfg = Debug|Any CPU
		{A8FE299E-285A-4E98-8D18-754CF155D19A}.Debug|x86.Build.0 = Debug|Any CPU
		{A8FE299E-285A-4E98-8D18-754CF155D19A}.Release|Any CPU.ActiveCfg = Release|Any CPU
		{A8FE299E-285A-4E98-8D18-754CF155D19A}.Release|Any CPU.Build.0 = Release|Any CPU
		{A8FE299E-285A-4E98-8D18-754CF155D19A}.Release|x64.ActiveCfg = Release|Any CPU
		{A8FE299E-285A-4E98-8D18-754CF155D19A}.Release|x64.Build.0 = Release|Any CPU
		{A8FE299E-285A-4E98-8D18-754CF155D19A}.Release|x86.ActiveCfg = Release|Any CPU
		{A8FE299E-285A-4E98-8D18-754CF155D19A}.Release|x86.Build.0 = Release|Any CPU
		{F08BAC17-F368-415E-8B82-50DB3F96BEF5}.Debug|Any CPU.ActiveCfg = Debug|Any CPU
		{F08BAC17-F368-415E-8B82-50DB3F96BEF5}.Debug|Any CPU.Build.0 = Debug|Any CPU
		{F08BAC17-F368-415E-8B82-50DB3F96BEF5}.Debug|x64.ActiveCfg = Debug|Any CPU
		{F08BAC17-F368-415E-8B82-50DB3F96BEF5}.Debug|x64.Build.0 = Debug|Any CPU
		{F08BAC17-F368-415E-8B82-50DB3F96BEF5}.Debug|x86.ActiveCfg = Debug|Any CPU
		{F08BAC17-F368-415E-8B82-50DB3F96BEF5}.Debug|x86.Build.0 = Debug|Any CPU
		{F08BAC17-F368-415E-8B82-50DB3F96BEF5}.Release|Any CPU.ActiveCfg = Release|Any CPU
		{F08BAC17-F368-415E-8B82-50DB3F96BEF5}.Release|Any CPU.Build.0 = Release|Any CPU
		{F08BAC17-F368-415E-8B82-50DB3F96BEF5}.Release|x64.ActiveCfg = Release|Any CPU
		{F08BAC17-F368-415E-8B82-50DB3F96BEF5}.Release|x64.Build.0 = Release|Any CPU
		{F08BAC17-F368-415E-8B82-50DB3F96BEF5}.Release|x86.ActiveCfg = Release|Any CPU
		{F08BAC17-F368-415E-8B82-50DB3F96BEF5}.Release|x86.Build.0 = Release|Any CPU
		{0CA8EFB1-DE58-4DFD-ABD2-0FE2F0070582}.Debug|Any CPU.ActiveCfg = Debug|Any CPU
		{0CA8EFB1-DE58-4DFD-ABD2-0FE2F0070582}.Debug|Any CPU.Build.0 = Debug|Any CPU
		{0CA8EFB1-DE58-4DFD-ABD2-0FE2F0070582}.Debug|x64.ActiveCfg = Debug|Any CPU
		{0CA8EFB1-DE58-4DFD-ABD2-0FE2F0070582}.Debug|x64.Build.0 = Debug|Any CPU
		{0CA8EFB1-DE58-4DFD-ABD2-0FE2F0070582}.Debug|x86.ActiveCfg = Debug|Any CPU
		{0CA8EFB1-DE58-4DFD-ABD2-0FE2F0070582}.Debug|x86.Build.0 = Debug|Any CPU
		{0CA8EFB1-DE58-4DFD-ABD2-0FE2F0070582}.Release|Any CPU.ActiveCfg = Release|Any CPU
		{0CA8EFB1-DE58-4DFD-ABD2-0FE2F0070582}.Release|Any CPU.Build.0 = Release|Any CPU
		{0CA8EFB1-DE58-4DFD-ABD2-0FE2F0070582}.Release|x64.ActiveCfg = Release|Any CPU
		{0CA8EFB1-DE58-4DFD-ABD2-0FE2F0070582}.Release|x64.Build.0 = Release|Any CPU
		{0CA8EFB1-DE58-4DFD-ABD2-0FE2F0070582}.Release|x86.ActiveCfg = Release|Any CPU
		{0CA8EFB1-DE58-4DFD-ABD2-0FE2F0070582}.Release|x86.Build.0 = Release|Any CPU
		{69EC9D94-60F6-6512-EFCF-C526D6875714}.Debug|Any CPU.ActiveCfg = Debug|Any CPU
		{69EC9D94-60F6-6512-EFCF-C526D6875714}.Debug|Any CPU.Build.0 = Debug|Any CPU
		{69EC9D94-60F6-6512-EFCF-C526D6875714}.Debug|x64.ActiveCfg = Debug|Any CPU
		{69EC9D94-60F6-6512-EFCF-C526D6875714}.Debug|x64.Build.0 = Debug|Any CPU
		{69EC9D94-60F6-6512-EFCF-C526D6875714}.Debug|x86.ActiveCfg = Debug|Any CPU
		{69EC9D94-60F6-6512-EFCF-C526D6875714}.Debug|x86.Build.0 = Debug|Any CPU
		{69EC9D94-60F6-6512-EFCF-C526D6875714}.Release|Any CPU.ActiveCfg = Release|Any CPU
		{69EC9D94-60F6-6512-EFCF-C526D6875714}.Release|Any CPU.Build.0 = Release|Any CPU
		{69EC9D94-60F6-6512-EFCF-C526D6875714}.Release|x64.ActiveCfg = Release|Any CPU
		{69EC9D94-60F6-6512-EFCF-C526D6875714}.Release|x64.Build.0 = Release|Any CPU
		{69EC9D94-60F6-6512-EFCF-C526D6875714}.Release|x86.ActiveCfg = Release|Any CPU
		{69EC9D94-60F6-6512-EFCF-C526D6875714}.Release|x86.Build.0 = Release|Any CPU
		{EB1F1805-3F8E-7A83-A25C-17CC2B810435}.Debug|Any CPU.ActiveCfg = Debug|Any CPU
		{EB1F1805-3F8E-7A83-A25C-17CC2B810435}.Debug|Any CPU.Build.0 = Debug|Any CPU
		{EB1F1805-3F8E-7A83-A25C-17CC2B810435}.Debug|x64.ActiveCfg = Debug|Any CPU
		{EB1F1805-3F8E-7A83-A25C-17CC2B810435}.Debug|x64.Build.0 = Debug|Any CPU
		{EB1F1805-3F8E-7A83-A25C-17CC2B810435}.Debug|x86.ActiveCfg = Debug|Any CPU
		{EB1F1805-3F8E-7A83-A25C-17CC2B810435}.Debug|x86.Build.0 = Debug|Any CPU
		{EB1F1805-3F8E-7A83-A25C-17CC2B810435}.Release|Any CPU.ActiveCfg = Release|Any CPU
		{EB1F1805-3F8E-7A83-A25C-17CC2B810435}.Release|Any CPU.Build.0 = Release|Any CPU
		{EB1F1805-3F8E-7A83-A25C-17CC2B810435}.Release|x64.ActiveCfg = Release|Any CPU
		{EB1F1805-3F8E-7A83-A25C-17CC2B810435}.Release|x64.Build.0 = Release|Any CPU
		{EB1F1805-3F8E-7A83-A25C-17CC2B810435}.Release|x86.ActiveCfg = Release|Any CPU
		{EB1F1805-3F8E-7A83-A25C-17CC2B810435}.Release|x86.Build.0 = Release|Any CPU
		{BA74CF54-4C3B-304F-EA57-645AA457588C}.Debug|Any CPU.ActiveCfg = Debug|Any CPU
		{BA74CF54-4C3B-304F-EA57-645AA457588C}.Debug|Any CPU.Build.0 = Debug|Any CPU
		{BA74CF54-4C3B-304F-EA57-645AA457588C}.Debug|x64.ActiveCfg = Debug|Any CPU
		{BA74CF54-4C3B-304F-EA57-645AA457588C}.Debug|x64.Build.0 = Debug|Any CPU
		{BA74CF54-4C3B-304F-EA57-645AA457588C}.Debug|x86.ActiveCfg = Debug|Any CPU
		{BA74CF54-4C3B-304F-EA57-645AA457588C}.Debug|x86.Build.0 = Debug|Any CPU
		{BA74CF54-4C3B-304F-EA57-645AA457588C}.Release|Any CPU.ActiveCfg = Release|Any CPU
		{BA74CF54-4C3B-304F-EA57-645AA457588C}.Release|Any CPU.Build.0 = Release|Any CPU
		{BA74CF54-4C3B-304F-EA57-645AA457588C}.Release|x64.ActiveCfg = Release|Any CPU
		{BA74CF54-4C3B-304F-EA57-645AA457588C}.Release|x64.Build.0 = Release|Any CPU
		{BA74CF54-4C3B-304F-EA57-645AA457588C}.Release|x86.ActiveCfg = Release|Any CPU
		{BA74CF54-4C3B-304F-EA57-645AA457588C}.Release|x86.Build.0 = Release|Any CPU
	EndGlobalSection
	GlobalSection(SolutionProperties) = preSolution
		HideSolutionNode = FALSE
	EndGlobalSection
	GlobalSection(NestedProjects) = preSolution
		{06F0BD7A-B10F-19F7-8F47-986916C73433} = {518E739E-0AF9-1B82-3F58-035671D6D7BE}
		{915A6FCF-3EBC-6832-3289-36033DF35ACA} = {518E739E-0AF9-1B82-3F58-035671D6D7BE}
		{2B24C7F8-7727-1D62-38FC-09AD9971B22D} = {518E739E-0AF9-1B82-3F58-035671D6D7BE}
		{726C5113-583D-2DCB-C5DD-AB0B35EC52EB} = {518E739E-0AF9-1B82-3F58-035671D6D7BE}
		{A94F6866-797E-103B-6DCA-9B0112855297} = {726C5113-583D-2DCB-C5DD-AB0B35EC52EB}
		{B563DD47-08E4-AEA9-7E2A-27BFBDFC0341} = {726C5113-583D-2DCB-C5DD-AB0B35EC52EB}
		{1CB00326-697E-0832-73C3-6D4AA345AE14} = {518E739E-0AF9-1B82-3F58-035671D6D7BE}
		{51C38338-AD81-580C-A122-63C6D29CEE03} = {A6AE2BB0-378D-1E31-3FE0-7DAF5035C67B}
		{7D83B8C0-FF3B-468D-A8C9-8B45BE528477} = {FBF56CC3-7AE6-AD2D-3F14-7F97FD322CD6}
		{979AC845-2512-443E-93F5-16904A27B658} = {FBF56CC3-7AE6-AD2D-3F14-7F97FD322CD6}
		{99A0FF9F-377A-477B-8F8B-55AD00AF0D0E} = {FBF56CC3-7AE6-AD2D-3F14-7F97FD322CD6}
		{263749E5-C1C8-40B2-8CB0-DB8B925AB54B} = {DFEE68D8-A7D0-1A41-506C-9B74AA9A7B7B}
		{40BC87D0-8F5A-4C0C-9CA2-75B2C049E3C6} = {FBF56CC3-7AE6-AD2D-3F14-7F97FD322CD6}
		{E0037820-A949-43A1-9E1D-D34C95AD0F8F} = {5854FF58-B8C5-05C6-5BF2-ACE42193F22B}
		{02F2C6EE-6E4B-C7A0-5511-574AA81C99EB} = {A6AE2BB0-378D-1E31-3FE0-7DAF5035C67B}
		{47062E93-0A36-403C-A858-D4A3845900A0} = {DFEE68D8-A7D0-1A41-506C-9B74AA9A7B7B}
		{AE354482-867A-4DAC-9E41-99D93CB3EB22} = {DFEE68D8-A7D0-1A41-506C-9B74AA9A7B7B}
		{1881F526-6DE7-4F26-AE85-46E1016C68B6} = {DFEE68D8-A7D0-1A41-506C-9B74AA9A7B7B}
		{A8FE299E-285A-4E98-8D18-754CF155D19A} = {DFEE68D8-A7D0-1A41-506C-9B74AA9A7B7B}
		{F08BAC17-F368-415E-8B82-50DB3F96BEF5} = {DFEE68D8-A7D0-1A41-506C-9B74AA9A7B7B}
		{0CA8EFB1-DE58-4DFD-ABD2-0FE2F0070582} = {DFEE68D8-A7D0-1A41-506C-9B74AA9A7B7B}
		{69EC9D94-60F6-6512-EFCF-C526D6875714} = {DFEE68D8-A7D0-1A41-506C-9B74AA9A7B7B}
		{EB1F1805-3F8E-7A83-A25C-17CC2B810435} = {DFEE68D8-A7D0-1A41-506C-9B74AA9A7B7B}
		{BA74CF54-4C3B-304F-EA57-645AA457588C} = {0AB3BF05-4346-4AA6-1389-037BE0695223}
	EndGlobalSection
	GlobalSection(ExtensibilityGlobals) = postSolution
		SolutionGuid = {C5DE99C1-6558-470D-9A0A-12450B082042}
	EndGlobalSection
EndGlobal
